
Microsoft Visual Studio Solution File, Format Version 12.00
# Visual Studio Version 17
VisualStudioVersion = 17.5.002.0
MinimumVisualStudioVersion = 10.0.40219.1
Project("{9A19103F-16F7-4668-BE54-9A1E7A4F7556}") = "Csharp 25.11", "Csharp 25.11.csproj", "{D0F4BA35-12A7-4C57-B2FC-ECFFDCB05644}"
EndProject
Global
	GlobalSection(SolutionConfigurationPlatforms) = preSolution
		Debug|Any CPU = Debug|Any CPU
		Release|Any CPU = Release|Any CPU
	EndGlobalSection
	GlobalSection(ProjectConfigurationPlatforms) = postSolution
		{D0F4BA35-12A7-4C57-B2FC-ECFFDCB05644}.Debug|Any CPU.ActiveCfg = Debug|Any CPU
		{D0F4BA35-12A7-4C57-B2FC-ECFFDCB05644}.Debug|Any CPU.Build.0 = Debug|Any CPU
		{D0F4BA35-12A7-4C57-B2FC-ECFFDCB05644}.Release|Any CPU.ActiveCfg = Release|Any CPU
		{D0F4BA35-12A7-4C57-B2FC-ECFFDCB05644}.Release|Any CPU.Build.0 = Release|Any CPU
	EndGlobalSection
	GlobalSection(SolutionProperties) = preSolution
		HideSolutionNode = FALSE
	EndGlobalSection
	GlobalSection(ExtensibilityGlobals) = postSolution
		SolutionGuid = {0F00DA0E-1852-42B6-9263-B91EB05BFAC0}
	EndGlobalSection
EndGlobal
